
Microsoft Visual Studio Solution File, Format Version 12.00
# Visual Studio Version 17
VisualStudioVersion = 17.4.33213.308
MinimumVisualStudioVersion = 10.0.40219.1
Project("{FAE04EC0-301F-11D3-BF4B-00C04F79EFBC}") = "FacturacionProductos", "FacturacionProductos\FacturacionProductos.csproj", "{054668AB-D792-4000-B25C-68DB9E9A27E4}"
EndProject
Global
	GlobalSection(SolutionConfigurationPlatforms) = preSolution
		Debug|Any CPU = Debug|Any CPU
		Release|Any CPU = Release|Any CPU
	EndGlobalSection
	GlobalSection(ProjectConfigurationPlatforms) = postSolution
		{054668AB-D792-4000-B25C-68DB9E9A27E4}.Debug|Any CPU.ActiveCfg = Debug|Any CPU
		{054668AB-D792-4000-B25C-68DB9E9A27E4}.Debug|Any CPU.Build.0 = Debug|Any CPU
		{054668AB-D792-4000-B25C-68DB9E9A27E4}.Release|Any CPU.ActiveCfg = Release|Any CPU
		{054668AB-D792-4000-B25C-68DB9E9A27E4}.Release|Any CPU.Build.0 = Release|Any CPU
	EndGlobalSection
	GlobalSection(SolutionProperties) = preSolution
		HideSolutionNode = FALSE
	EndGlobalSection
	GlobalSection(ExtensibilityGlobals) = postSolution
		SolutionGuid = {DBB0F12D-BC32-479A-B15E-604522B92373}
	EndGlobalSection
EndGlobal
